
Microsoft Visual Studio Solution File, Format Version 12.00
# Visual Studio Version 16
VisualStudioVersion = 16.0.30907.101
MinimumVisualStudioVersion = 10.0.40219.1
Project("{FAE04EC0-301F-11D3-BF4B-00C04F79EFBC}") = "TrackerLibrary", "TrackerLibrary\TrackerLibrary.csproj", "{22594C06-AF8C-47B0-9C29-404849E7309B}"
EndProject
Project("{FAE04EC0-301F-11D3-BF4B-00C04F79EFBC}") = "TrackerUI", "TrackerUI\TrackerUI.csproj", "{30CFFD25-8BBA-4DD3-9D16-2D428414B891}"
EndProject
Global
	GlobalSection(SolutionConfigurationPlatforms) = preSolution
		Debug|Any CPU = Debug|Any CPU
		Release|Any CPU = Release|Any CPU
	EndGlobalSection
	GlobalSection(ProjectConfigurationPlatforms) = postSolution
		{22594C06-AF8C-47B0-9C29-404849E7309B}.Debug|Any CPU.ActiveCfg = Debug|Any CPU
		{22594C06-AF8C-47B0-9C29-404849E7309B}.Debug|Any CPU.Build.0 = Debug|Any CPU
		{22594C06-AF8C-47B0-9C29-404849E7309B}.Release|Any CPU.ActiveCfg = Release|Any CPU
		{22594C06-AF8C-47B0-9C29-404849E7309B}.Release|Any CPU.Build.0 = Release|Any CPU
		{30CFFD25-8BBA-4DD3-9D16-2D428414B891}.Debug|Any CPU.ActiveCfg = Debug|Any CPU
		{30CFFD25-8BBA-4DD3-9D16-2D428414B891}.Debug|Any CPU.Build.0 = Debug|Any CPU
		{30CFFD25-8BBA-4DD3-9D16-2D428414B891}.Release|Any CPU.ActiveCfg = Release|Any CPU
		{30CFFD25-8BBA-4DD3-9D16-2D428414B891}.Release|Any CPU.Build.0 = Release|Any CPU
	EndGlobalSection
	GlobalSection(SolutionProperties) = preSolution
		HideSolutionNode = FALSE
	EndGlobalSection
	GlobalSection(ExtensibilityGlobals) = postSolution
		SolutionGuid = {909AE577-9628-4DA6-A40B-B26645394C9B}
	EndGlobalSection
EndGlobal
